
Microsoft Visual Studio Solution File, Format Version 12.00
# Visual Studio 15
VisualStudioVersion = 15.0.28307.438
MinimumVisualStudioVersion = 10.0.40219.1
Project("{8BC9CEB8-8B4A-11D0-8D11-00A0C91BC942}") = "HelloWorld", "HelloWorld\HelloWorld.vcxproj", "{46761D3E-F8F0-4AEE-857B-022F50F59017}"
EndProject
Global
	GlobalSection(SolutionConfigurationPlatforms) = preSolution
		Debug|x64 = Debug|x64
		Debug|x86 = Debug|x86
		Release|x64 = Release|x64
		Release|x86 = Release|x86
	EndGlobalSection
	GlobalSection(ProjectConfigurationPlatforms) = postSolution
		{46761D3E-F8F0-4AEE-857B-022F50F59017}.Debug|x64.ActiveCfg = Debug|x64
		{46761D3E-F8F0-4AEE-857B-022F50F59017}.Debug|x64.Build.0 = Debug|x64
		{46761D3E-F8F0-4AEE-857B-022F50F59017}.Debug|x86.ActiveCfg = Debug|Win32
		{46761D3E-F8F0-4AEE-857B-022F50F59017}.Debug|x86.Build.0 = Debug|Win32
		{46761D3E-F8F0-4AEE-857B-022F50F59017}.Release|x64.ActiveCfg = Release|x64
		{46761D3E-F8F0-4AEE-857B-022F50F59017}.Release|x64.Build.0 = Release|x64
		{46761D3E-F8F0-4AEE-857B-022F50F59017}.Release|x86.ActiveCfg = Release|Win32
		{46761D3E-F8F0-4AEE-857B-022F50F59017}.Release|x86.Build.0 = Release|Win32
	EndGlobalSection
	GlobalSection(SolutionProperties) = preSolution
		HideSolutionNode = FALSE
	EndGlobalSection
	GlobalSection(ExtensibilityGlobals) = postSolution
		SolutionGuid = {19E4755F-60A4-4623-B46F-7CE32D0DFC3B}
	EndGlobalSection
EndGlobal
